// !$*UTF8*$!
{
	archiveVersion = 1;
	classes = {
	};
	objectVersion = 55;
	objects = {

/* Begin PBXBuildFile section */
		2518F3EA281A606A00F1EF6A /* WritingInputView.swift in Sources */ = {isa = PBXBuildFile; fileRef = 2518F3E9281A606A00F1EF6A /* WritingInputView.swift */; };
		25EBF8632819574100EFA9BE /* TifApp.swift in Sources */ = {isa = PBXBuildFile; fileRef = 25EBF8622819574100EFA9BE /* TifApp.swift */; };
		25EBF8652819574100EFA9BE /* ContentView.swift in Sources */ = {isa = PBXBuildFile; fileRef = 25EBF8642819574100EFA9BE /* ContentView.swift */; };
		25EBF8672819574100EFA9BE /* Assets.xcassets in Resources */ = {isa = PBXBuildFile; fileRef = 25EBF8662819574100EFA9BE /* Assets.xcassets */; };
		25EBF86A2819574100EFA9BE /* Preview Assets.xcassets in Resources */ = {isa = PBXBuildFile; fileRef = 25EBF8692819574100EFA9BE /* Preview Assets.xcassets */; };
		25EBF86C2819574100EFA9BE /* Persistence.swift in Sources */ = {isa = PBXBuildFile; fileRef = 25EBF86B2819574100EFA9BE /* Persistence.swift */; };
		25EBF86F2819574100EFA9BE /* Tif.xcdatamodeld in Sources */ = {isa = PBXBuildFile; fileRef = 25EBF86D2819574100EFA9BE /* Tif.xcdatamodeld */; };
		25EBF87628195AD900EFA9BE /* WritingView.swift in Sources */ = {isa = PBXBuildFile; fileRef = 25EBF87528195AD900EFA9BE /* WritingView.swift */; };
		25EBF87828195C3A00EFA9BE /* ReadingView.swift in Sources */ = {isa = PBXBuildFile; fileRef = 25EBF87728195C3A00EFA9BE /* ReadingView.swift */; };
/* End PBXBuildFile section */

/* Begin PBXFileReference section */
		2518F3E9281A606A00F1EF6A /* WritingInputView.swift */ = {isa = PBXFileReference; lastKnownFileType = sourcecode.swift; path = WritingInputView.swift; sourceTree = "<group>"; };
		25EBF85F2819574100EFA9BE /* Tif.app */ = {isa = PBXFileReference; explicitFileType = wrapper.application; includeInIndex = 0; path = Tif.app; sourceTree = BUILT_PRODUCTS_DIR; };
		25EBF8622819574100EFA9BE /* TifApp.swift */ = {isa = PBXFileReference; lastKnownFileType = sourcecode.swift; path = TifApp.swift; sourceTree = "<group>"; };
		25EBF8642819574100EFA9BE /* ContentView.swift */ = {isa = PBXFileReference; lastKnownFileType = sourcecode.swift; path = ContentView.swift; sourceTree = "<group>"; };
		25EBF8662819574100EFA9BE /* Assets.xcassets */ = {isa = PBXFileReference; lastKnownFileType = folder.assetcatalog; path = Assets.xcassets; sourceTree = "<group>"; };
		25EBF8692819574100EFA9BE /* Preview Assets.xcassets */ = {isa = PBXFileReference; lastKnownFileType = folder.assetcatalog; path = "Preview Assets.xcassets"; sourceTree = "<group>"; };
		25EBF86B2819574100EFA9BE /* Persistence.swift */ = {isa = PBXFileReference; lastKnownFileType = sourcecode.swift; path = Persistence.swift; sourceTree = "<group>"; };
		25EBF86E2819574100EFA9BE /* Tif.xcdatamodel */ = {isa = PBXFileReference; lastKnownFileType = wrapper.xcdatamodel; path = Tif.xcdatamodel; sourceTree = "<group>"; };
		25EBF87528195AD900EFA9BE /* WritingView.swift */ = {isa = PBXFileReference; lastKnownFileType = sourcecode.swift; path = WritingView.swift; sourceTree = "<group>"; };
		25EBF87728195C3A00EFA9BE /* ReadingView.swift */ = {isa = PBXFileReference; lastKnownFileType = sourcecode.swift; path = ReadingView.swift; sourceTree = "<group>"; };
/* End PBXFileReference section */

/* Begin PBXFrameworksBuildPhase section */
		25EBF85C2819574100EFA9BE /* Frameworks */ = {
			isa = PBXFrameworksBuildPhase;
			buildActionMask = 2147483647;
			files = (
			);
			runOnlyForDeploymentPostprocessing = 0;
		};
/* End PBXFrameworksBuildPhase section */

/* Begin PBXGroup section */
		25EBF8562819574100EFA9BE = {
			isa = PBXGroup;
			children = (
				25EBF8612819574100EFA9BE /* Tif */,
				25EBF8602819574100EFA9BE /* Products */,
			);
			sourceTree = "<group>";
		};
		25EBF8602819574100EFA9BE /* Products */ = {
			isa = PBXGroup;
			children = (
				25EBF85F2819574100EFA9BE /* Tif.app */,
			);
			name = Products;
			sourceTree = "<group>";
		};
		25EBF8612819574100EFA9BE /* Tif */ = {
			isa = PBXGroup;
			children = (
				25EBF8622819574100EFA9BE /* TifApp.swift */,
				25EBF8642819574100EFA9BE /* ContentView.swift */,
				25EBF87528195AD900EFA9BE /* WritingView.swift */,
				2518F3E9281A606A00F1EF6A /* WritingInputView.swift */,
				25EBF87728195C3A00EFA9BE /* ReadingView.swift */,
				25EBF8662819574100EFA9BE /* Assets.xcassets */,
				25EBF86B2819574100EFA9BE /* Persistence.swift */,
				25EBF86D2819574100EFA9BE /* Tif.xcdatamodeld */,
				25EBF8682819574100EFA9BE /* Preview Content */,
			);
			path = Tif;
			sourceTree = "<group>";
		};
		25EBF8682819574100EFA9BE /* Preview Content */ = {
			isa = PBXGroup;
			children = (
				25EBF8692819574100EFA9BE /* Preview Assets.xcassets */,
			);
			path = "Preview Content";
			sourceTree = "<group>";
		};
/* End PBXGroup section */

/* Begin PBXNativeTarget section */
		25EBF85E2819574100EFA9BE /* Tif */ = {
			isa = PBXNativeTarget;
			buildConfigurationList = 25EBF8722819574100EFA9BE /* Build configuration list for PBXNativeTarget "Tif" */;
			buildPhases = (
				25EBF85B2819574100EFA9BE /* Sources */,
				25EBF85C2819574100EFA9BE /* Frameworks */,
				25EBF85D2819574100EFA9BE /* Resources */,
			);
			buildRules = (
			);
			dependencies = (
			);
			name = Tif;
			productName = Tif;
			productReference = 25EBF85F2819574100EFA9BE /* Tif.app */;
			productType = "com.apple.product-type.application";
		};
/* End PBXNativeTarget section */

/* Begin PBXProject section */
		25EBF8572819574100EFA9BE /* Project object */ = {
			isa = PBXProject;
			attributes = {
				BuildIndependentTargetsInParallel = 1;
				LastSwiftUpdateCheck = 1330;
				LastUpgradeCheck = 1330;
				TargetAttributes = {
					25EBF85E2819574100EFA9BE = {
						CreatedOnToolsVersion = 13.3.1;
					};
				};
			};
			buildConfigurationList = 25EBF85A2819574100EFA9BE /* Build configuration list for PBXProject "Tif" */;
			compatibilityVersion = "Xcode 13.0";
			developmentRegion = en;
			hasScannedForEncodings = 0;
			knownRegions = (
				en,
				Base,
			);
			mainGroup = 25EBF8562819574100EFA9BE;
			productRefGroup = 25EBF8602819574100EFA9BE /* Products */;
			projectDirPath = "";
			projectRoot = "";
			targets = (
				25EBF85E2819574100EFA9BE /* Tif */,
			);
		};
/* End PBXProject section */

/* Begin PBXResourcesBuildPhase section */
		25EBF85D2819574100EFA9BE /* Resources */ = {
			isa = PBXResourcesBuildPhase;
			buildActionMask = 2147483647;
			files = (
				25EBF86A2819574100EFA9BE /* Preview Assets.xcassets in Resources */,
				25EBF8672819574100EFA9BE /* Assets.xcassets in Resources */,
			);
			runOnlyForDeploymentPostprocessing = 0;
		};
/* End PBXResourcesBuildPhase section */

/* Begin PBXSourcesBuildPhase section */
		25EBF85B2819574100EFA9BE /* Sources */ = {
			isa = PBXSourcesBuildPhase;
			buildActionMask = 2147483647;
			files = (
				25EBF86C2819574100EFA9BE /* Persistence.swift in Sources */,
				25EBF8652819574100EFA9BE /* ContentView.swift in Sources */,
				25EBF8632819574100EFA9BE /* TifApp.swift in Sources */,
				2518F3EA281A606A00F1EF6A /* WritingInputView.swift in Sources */,
				25EBF87828195C3A00EFA9BE /* ReadingView.swift in Sources */,
				25EBF87628195AD900EFA9BE /* WritingView.swift in Sources */,
				25EBF86F2819574100EFA9BE /* Tif.xcdatamodeld in Sources */,
			);
			runOnlyForDeploymentPostprocessing = 0;
		};
/* End PBXSourcesBuildPhase section */

/* Begin XCBuildConfiguration section */
		25EBF8702819574100EFA9BE /* Debug */ = {
			isa = XCBuildConfiguration;
			buildSettings = {
				ALWAYS_SEARCH_USER_PATHS = NO;
				CLANG_ANALYZER_NONNULL = YES;
				CLANG_ANALYZER_NUMBER_OBJECT_CONVERSION = YES_AGGRESSIVE;
				CLANG_CXX_LANGUAGE_STANDARD = "gnu++17";
				CLANG_ENABLE_MODULES = YES;
				CLANG_ENABLE_OBJC_ARC = YES;
				CLANG_ENABLE_OBJC_WEAK = YES;
				CLANG_WARN_BLOCK_CAPTURE_AUTORELEASING = YES;
				CLANG_WARN_BOOL_CONVERSION = YES;
				CLANG_WARN_COMMA = YES;
				CLANG_WARN_CONSTANT_CONVERSION = YES;
				CLANG_WARN_DEPRECATED_OBJC_IMPLEMENTATIONS = YES;
				CLANG_WARN_DIRECT_OBJC_ISA_USAGE = YES_ERROR;
				CLANG_WARN_DOCUMENTATION_COMMENTS = YES;
				CLANG_WARN_EMPTY_BODY = YES;
				CLANG_WARN_ENUM_CONVERSION = YES;
				CLANG_WARN_INFINITE_RECURSION = YES;
				CLANG_WARN_INT_CONVERSION = YES;
				CLANG_WARN_NON_LITERAL_NULL_CONVERSION = YES;
				CLANG_WARN_OBJC_IMPLICIT_RETAIN_SELF = YES;
				CLANG_WARN_OBJC_LITERAL_CONVERSION = YES;
				CLANG_WARN_OBJC_ROOT_CLASS = YES_ERROR;
				CLANG_WARN_QUOTED_INCLUDE_IN_FRAMEWORK_HEADER = YES;
				CLANG_WARN_RANGE_LOOP_ANALYSIS = YES;
				CLANG_WARN_STRICT_PROTOTYPES = YES;
				CLANG_WARN_SUSPICIOUS_MOVE = YES;
				CLANG_WARN_UNGUARDED_AVAILABILITY = YES_AGGRESSIVE;
				CLANG_WARN_UNREACHABLE_CODE = YES;
				CLANG_WARN__DUPLICATE_METHOD_MATCH = YES;
				COPY_PHASE_STRIP = NO;
				DEBUG_INFORMATION_FORMAT = dwarf;
				ENABLE_STRICT_OBJC_MSGSEND = YES;
				ENABLE_TESTABILITY = YES;
				GCC_C_LANGUAGE_STANDARD = gnu11;
				GCC_DYNAMIC_NO_PIC = NO;
				GCC_NO_COMMON_BLOCKS = YES;
				GCC_OPTIMIZATION_LEVEL = 0;
				GCC_PREPROCESSOR_DEFINITIONS = (
					"DEBUG=1",
					"$(inherited)",
				);
				GCC_WARN_64_TO_32_BIT_CONVERSION = YES;
				GCC_WARN_ABOUT_RETURN_TYPE = YES_ERROR;
				GCC_WARN_UNDECLARED_SELECTOR = YES;
				GCC_WARN_UNINITIALIZED_AUTOS = YES_AGGRESSIVE;
				GCC_WARN_UNUSED_FUNCTION = YES;
				GCC_WARN_UNUSED_VARIABLE = YES;
				IPHONEOS_DEPLOYMENT_TARGET = 15.4;
				MTL_ENABLE_DEBUG_INFO = INCLUDE_SOURCE;
				MTL_FAST_MATH = YES;
				ONLY_ACTIVE_ARCH = YES;
				SDKROOT = iphoneos;
				SWIFT_ACTIVE_COMPILATION_CONDITIONS = DEBUG;
				SWIFT_OPTIMIZATION_LEVEL = "-Onone";
			};
			name = Debug;
		};
		25EBF8712819574100EFA9BE /* Release */ = {
			isa = XCBuildConfiguration;
			buildSettings = {
				ALWAYS_SEARCH_USER_PATHS = NO;
				CLANG_ANALYZER_NONNULL = YES;
				CLANG_ANALYZER_NUMBER_OBJECT_CONVERSION = YES_AGGRESSIVE;
				CLANG_CXX_LANGUAGE_STANDARD = "gnu++17";
				CLANG_ENABLE_MODULES = YES;
				CLANG_ENABLE_OBJC_ARC = YES;
				CLANG_ENABLE_OBJC_WEAK = YES;
				CLANG_WARN_BLOCK_CAPTURE_AUTORELEASING = YES;
				CLANG_WARN_BOOL_CONVERSION = YES;
				CLANG_WARN_COMMA = YES;
				CLANG_WARN_CONSTANT_CONVERSION = YES;
				CLANG_WARN_DEPRECATED_OBJC_IMPLEMENTATIONS = YES;
				CLANG_WARN_DIRECT_OBJC_ISA_USAGE = YES_ERROR;
				CLANG_WARN_DOCUMENTATION_COMMENTS = YES;
				CLANG_WARN_EMPTY_BODY = YES;
				CLANG_WARN_ENUM_CONVERSION = YES;
				CLANG_WARN_INFINITE_RECURSION = YES;
				CLANG_WARN_INT_CONVERSION = YES;
				CLANG_WARN_NON_LITERAL_NULL_CONVERSION = YES;
				CLANG_WARN_OBJC_IMPLICIT_RETAIN_SELF = YES;
				CLANG_WARN_OBJC_LITERAL_CONVERSION = YES;
				CLANG_WARN_OBJC_ROOT_CLASS = YES_ERROR;
				CLANG_WARN_QUOTED_INCLUDE_IN_FRAMEWORK_HEADER = YES;
				CLANG_WARN_RANGE_LOOP_ANALYSIS = YES;
				CLANG_WARN_STRICT_PROTOTYPES = YES;
				CLANG_WARN_SUSPICIOUS_MOVE = YES;
				CLANG_WARN_UNGUARDED_AVAILABILITY = YES_AGGRESSIVE;
				CLANG_WARN_UNREACHABLE_CODE = YES;
				CLANG_WARN__DUPLICATE_METHOD_MATCH = YES;
				COPY_PHASE_STRIP = NO;
				DEBUG_INFORMATION_FORMAT = "dwarf-with-dsym";
				ENABLE_NS_ASSERTIONS = NO;
				ENABLE_STRICT_OBJC_MSGSEND = YES;
				GCC_C_LANGUAGE_STANDARD = gnu11;
				GCC_NO_COMMON_BLOCKS = YES;
				GCC_WARN_64_TO_32_BIT_CONVERSION = YES;
				GCC_WARN_ABOUT_RETURN_TYPE = YES_ERROR;
				GCC_WARN_UNDECLARED_SELECTOR = YES;
				GCC_WARN_UNINITIALIZED_AUTOS = YES_AGGRESSIVE;
				GCC_WARN_UNUSED_FUNCTION = YES;
				GCC_WARN_UNUSED_VARIABLE = YES;
				IPHONEOS_DEPLOYMENT_TARGET = 15.4;
				MTL_ENABLE_DEBUG_INFO = NO;
				MTL_FAST_MATH = YES;
				SDKROOT = iphoneos;
				SWIFT_COMPILATION_MODE = wholemodule;
				SWIFT_OPTIMIZATION_LEVEL = "-O";
				VALIDATE_PRODUCT = YES;
			};
			name = Release;
		};
		25EBF8732819574100EFA9BE /* Debug */ = {
			isa = XCBuildConfiguration;
			buildSettings = {
				ASSETCATALOG_COMPILER_APPICON_NAME = AppIcon;
				ASSETCATALOG_COMPILER_GLOBAL_ACCENT_COLOR_NAME = AccentColor;
				CODE_SIGN_STYLE = Automatic;
				CURRENT_PROJECT_VERSION = 1;
				DEVELOPMENT_ASSET_PATHS = "\"Tif/Preview Content\"";
				DEVELOPMENT_TEAM = 48GP9CQUU6;
				ENABLE_PREVIEWS = YES;
				GENERATE_INFOPLIST_FILE = YES;
				INFOPLIST_KEY_UIApplicationSceneManifest_Generation = YES;
				INFOPLIST_KEY_UIApplicationSupportsIndirectInputEvents = YES;
				INFOPLIST_KEY_UILaunchScreen_Generation = YES;
				INFOPLIST_KEY_UISupportedInterfaceOrientations_iPad = "UIInterfaceOrientationPortrait UIInterfaceOrientationPortraitUpsideDown UIInterfaceOrientationLandscapeLeft UIInterfaceOrientationLandscapeRight";
				INFOPLIST_KEY_UISupportedInterfaceOrientations_iPhone = "UIInterfaceOrientationPortrait UIInterfaceOrientationLandscapeLeft UIInterfaceOrientationLandscapeRight";
				LD_RUNPATH_SEARCH_PATHS = (
					"$(inherited)",
					"@executable_path/Frameworks",
				);
				MARKETING_VERSION = 1.0;
				PRODUCT_BUNDLE_IDENTIFIER = "name.dev-timo.Tif";
				PRODUCT_NAME = "$(TARGET_NAME)";
				SWIFT_EMIT_LOC_STRINGS = YES;
				SWIFT_VERSION = 5.0;
				TARGETED_DEVICE_FAMILY = "1,2";
			};
			name = Debug;
		};
		25EBF8742819574100EFA9BE /* Release */ = {
			isa = XCBuildConfiguration;
			buildSettings = {
				ASSETCATALOG_COMPILER_APPICON_NAME = AppIcon;
				ASSETCATALOG_COMPILER_GLOBAL_ACCENT_COLOR_NAME = AccentColor;
				CODE_SIGN_STYLE = Automatic;
				CURRENT_PROJECT_VERSION = 1;
				DEVELOPMENT_ASSET_PATHS = "\"Tif/Preview Content\"";
				DEVELOPMENT_TEAM = 48GP9CQUU6;
				ENABLE_PREVIEWS = YES;
				GENERATE_INFOPLIST_FILE = YES;
				INFOPLIST_KEY_UIApplicationSceneManifest_Generation = YES;
				INFOPLIST_KEY_UIApplicationSupportsIndirectInputEvents = YES;
				INFOPLIST_KEY_UILaunchScreen_Generation = YES;
				INFOPLIST_KEY_UISupportedInterfaceOrientations_iPad = "UIInterfaceOrientationPortrait UIInterfaceOrientationPortraitUpsideDown UIInterfaceOrientationLandscapeLeft UIInterfaceOrientationLandscapeRight";
				INFOPLIST_KEY_UISupportedInterfaceOrientations_iPhone = "UIInterfaceOrientationPortrait UIInterfaceOrientationLandscapeLeft UIInterfaceOrientationLandscapeRight";
				LD_RUNPATH_SEARCH_PATHS = (
					"$(inherited)",
					"@executable_path/Frameworks",
				);
				MARKETING_VERSION = 1.0;
				PRODUCT_BUNDLE_IDENTIFIER = "name.dev-timo.Tif";
				PRODUCT_NAME = "$(TARGET_NAME)";
				SWIFT_EMIT_LOC_STRINGS = YES;
				SWIFT_VERSION = 5.0;
				TARGETED_DEVICE_FAMILY = "1,2";
			};
			name = Release;
		};
/* End XCBuildConfiguration section */

/* Begin XCConfigurationList section */
		25EBF85A2819574100EFA9BE /* Build configuration list for PBXProject "Tif" */ = {
			isa = XCConfigurationList;
			buildConfigurations = (
				25EBF8702819574100EFA9BE /* Debug */,
				25EBF8712819574100EFA9BE /* Release */,
			);
			defaultConfigurationIsVisible = 0;
			defaultConfigurationName = Release;
		};
		25EBF8722819574100EFA9BE /* Build configuration list for PBXNativeTarget "Tif" */ = {
			isa = XCConfigurationList;
			buildConfigurations = (
				25EBF8732819574100EFA9BE /* Debug */,
				25EBF8742819574100EFA9BE /* Release */,
			);
			defaultConfigurationIsVisible = 0;
			defaultConfigurationName = Release;
		};
/* End XCConfigurationList section */

/* Begin XCVersionGroup section */
		25EBF86D2819574100EFA9BE /* Tif.xcdatamodeld */ = {
			isa = XCVersionGroup;
			children = (
				25EBF86E2819574100EFA9BE /* Tif.xcdatamodel */,
			);
			currentVersion = 25EBF86E2819574100EFA9BE /* Tif.xcdatamodel */;
			path = Tif.xcdatamodeld;
			sourceTree = "<group>";
			versionGroupType = wrapper.xcdatamodel;
		};
/* End XCVersionGroup section */
	};
	rootObject = 25EBF8572819574100EFA9BE /* Project object */;
}
